PODS:
  - Flutter (1.0.0)
  - photos_library (0.0.1):
    - Flutter

DEPENDENCIES:
  - Flutter (from `.symlinks/flutter/ios`)
  - photos_library (from `.symlinks/plugins/photos_library/ios`)

EXTERNAL SOURCES:
  Flutter:
    :path: ".symlinks/flutter/ios"
  photos_library:
    :path: ".symlinks/plugins/photos_library/ios"

SPEC CHECKSUMS:
  Flutter: 9d0fac939486c9aba2809b7982dfdbb47a7b0296
  photos_library: cf81137f0f6acb57b9d2237f829773c0818fdda1

PODFILE CHECKSUM: 1e5af4103afd21ca5ead147d7b81d06f494f51a2

COCOAPODS: 1.5.3
